
Microsoft Visual Studio Solution File, Format Version 12.00
# Visual Studio 2012
Project("{FAE04EC0-301F-11D3-BF4B-00C04F79EFBC}") = "UrlToShort", "UrlToShort\UrlToShort.csproj", "{0EB55CCC-17C3-432C-8D69-0B8ADF34BE2E}"
EndProject
Global
	GlobalSection(SolutionConfigurationPlatforms) = preSolution
		Debug|Any CPU = Debug|Any CPU
		Release|Any CPU = Release|Any CPU
	EndGlobalSection
	GlobalSection(ProjectConfigurationPlatforms) = postSolution
		{0EB55CCC-17C3-432C-8D69-0B8ADF34BE2E}.Debug|Any CPU.ActiveCfg = Debug|Any CPU
		{0EB55CCC-17C3-432C-8D69-0B8ADF34BE2E}.Debug|Any CPU.Build.0 = Debug|Any CPU
		{0EB55CCC-17C3-432C-8D69-0B8ADF34BE2E}.Release|Any CPU.ActiveCfg = Release|Any CPU
		{0EB55CCC-17C3-432C-8D69-0B8ADF34BE2E}.Release|Any CPU.Build.0 = Release|Any CPU
	EndGlobalSection
	GlobalSection(SolutionProperties) = preSolution
		HideSolutionNode = FALSE
	EndGlobalSection
EndGlobal
